{
  "name": "@8128-33550336/key-capture",
  "version": "0.8.0",
  "lockfileVersion": 3,
  "requires": true,
  "packages": {
    "": {
      "name": "@8128-33550336/key-capture",
      "version": "0.8.0",
      "dependencies": {
        "@8128-33550336/typedeventemitter": "^1.1.2"
      },
      "devDependencies": {
        "@types/node": "^20.2.5",
        "typescript": "^5.0.4"
      }
    },
    "node_modules/@8128-33550336/typedeventemitter": {
      "version": "1.1.2",
      "resolved": "https://npm.pkg.github.com/download/@8128-33550336/typedeventemitter/1.1.2/b39453bef023c586cab4c10a7902518f5052e6f4",
      "integrity": "sha512-BlQVCQMXMOS5pQhAP3BmCmQ1yhbPe9y+FTvS2RbnZrhNQ61UskcMTzJ4xe15IzlVVerD0gHea9QCeIGwER35WQ==",
      "dependencies": {
        "events": "^3.3.0"
      }
    },
    "node_modules/@types/node": {
      "version": "20.2.5",
      "resolved": "https://registry.npmjs.org/@types/node/-/node-20.2.5.tgz",
      "integrity": "sha512-JJulVEQXmiY9Px5axXHeYGLSjhkZEnD+MDPDGbCbIAbMslkKwmygtZFy1X6s/075Yo94sf8GuSlFfPzysQrWZQ==",
      "dev": true
    },
    "node_modules/events": {
      "version": "3.3.0",
      "resolved": "https://registry.npmjs.org/events/-/events-3.3.0.tgz",
      "integrity": "sha512-mQw+2fkQbALzQ7V0MY0IqdnXNOeTtP4r0lN9z7AAawCXgqea7bDii20AYrIBrFd/Hx0M2Ocz6S111CaFkUcb0Q==",
      "engines": {
        "node": ">=0.8.x"
      }
    },
    "node_modules/typescript": {
      "version": "5.0.4",
      "resolved": "https://registry.npmjs.org/typescript/-/typescript-5.0.4.tgz",
      "integrity": "sha512-cW9T5W9xY37cc+jfEnaUvX91foxtHkza3Nw3wkoF4sSlKn0MONdkdEndig/qPBWXNkmplh3NzayQzCiHM4/hqw==",
      "dev": true,
      "bin": {
        "tsc": "bin/tsc",
        "tsserver": "bin/tsserver"
      },
      "engines": {
        "node": ">=12.20"
      }
    }
  }
}
